
Microsoft Visual Studio Solution File, Format Version 12.00
# Visual Studio 14
VisualStudioVersion = 14.0.24720.0
MinimumVisualStudioVersion = 10.0.40219.1
Project("{FAE04EC0-301F-11D3-BF4B-00C04F79EFBC}") = "TranslationCrawler", "TranslationCrawler\TranslationCrawler.csproj", "{0D6027F2-0D50-40BC-A4FB-368968A968EC}"
EndProject
Project("{E24C65DC-7377-472B-9ABA-BC803B73C61A}") = "TestDec", "TestDec\", "{93286198-E584-46E3-BF04-7DF8545BBA12}"
	ProjectSection(WebsiteProperties) = preProject
		TargetFrameworkMoniker = ".NETFramework,Version%3Dv4.0"
		Debug.AspNetCompiler.VirtualPath = "/localhost_47016"
		Debug.AspNetCompiler.PhysicalPath = "TestDec\"
		Debug.AspNetCompiler.TargetPath = "PrecompiledWeb\localhost_47016\"
		Debug.AspNetCompiler.Updateable = "true"
		Debug.AspNetCompiler.ForceOverwrite = "true"
		Debug.AspNetCompiler.FixedNames = "false"
		Debug.AspNetCompiler.Debug = "True"
		Release.AspNetCompiler.VirtualPath = "/localhost_47016"
		Release.AspNetCompiler.PhysicalPath = "TestDec\"
		Release.AspNetCompiler.TargetPath = "PrecompiledWeb\localhost_47016\"
		Release.AspNetCompiler.Updateable = "true"
		Release.AspNetCompiler.ForceOverwrite = "true"
		Release.AspNetCompiler.FixedNames = "false"
		Release.AspNetCompiler.Debug = "False"
		VWDPort = "47016"
		SlnRelativePath = "TestDec\"
	EndProjectSection
EndProject
Project("{FAE04EC0-301F-11D3-BF4B-00C04F79EFBC}") = "TranslationCrawler.Test", "TranslationCrawler.Test\TranslationCrawler.Test.csproj", "{B1CCDA3C-9A52-4E63-8D13-C13BE2C87E19}"
EndProject
Global
	GlobalSection(SolutionConfigurationPlatforms) = preSolution
		Debug|Any CPU = Debug|Any CPU
		Release|Any CPU = Release|Any CPU
	EndGlobalSection
	GlobalSection(ProjectConfigurationPlatforms) = postSolution
		{0D6027F2-0D50-40BC-A4FB-368968A968EC}.Debug|Any CPU.ActiveCfg = Debug|Any CPU
		{0D6027F2-0D50-40BC-A4FB-368968A968EC}.Debug|Any CPU.Build.0 = Debug|Any CPU
		{0D6027F2-0D50-40BC-A4FB-368968A968EC}.Release|Any CPU.ActiveCfg = Release|Any CPU
		{0D6027F2-0D50-40BC-A4FB-368968A968EC}.Release|Any CPU.Build.0 = Release|Any CPU
		{93286198-E584-46E3-BF04-7DF8545BBA12}.Debug|Any CPU.ActiveCfg = Debug|Any CPU
		{93286198-E584-46E3-BF04-7DF8545BBA12}.Release|Any CPU.ActiveCfg = Debug|Any CPU
		{93286198-E584-46E3-BF04-7DF8545BBA12}.Release|Any CPU.Build.0 = Debug|Any CPU
		{B1CCDA3C-9A52-4E63-8D13-C13BE2C87E19}.Debug|Any CPU.ActiveCfg = Debug|Any CPU
		{B1CCDA3C-9A52-4E63-8D13-C13BE2C87E19}.Debug|Any CPU.Build.0 = Debug|Any CPU
		{B1CCDA3C-9A52-4E63-8D13-C13BE2C87E19}.Release|Any CPU.ActiveCfg = Release|Any CPU
		{B1CCDA3C-9A52-4E63-8D13-C13BE2C87E19}.Release|Any CPU.Build.0 = Release|Any CPU
	EndGlobalSection
	GlobalSection(SolutionProperties) = preSolution
		HideSolutionNode = FALSE
	EndGlobalSection
EndGlobal
